
Microsoft Visual Studio Solution File, Format Version 12.00
# Visual Studio 2012
Project("{FAE04EC0-301F-11D3-BF4B-00C04F79EFBC}") = "NguyenThiMinh_KHMT4_k10", "NguyenThiMinh_KHMT4_k10\NguyenThiMinh_KHMT4_k10.csproj", "{FD60367F-93D1-48CA-98A0-9A98D6A872CE}"
EndProject
Project("{FAE04EC0-301F-11D3-BF4B-00C04F79EFBC}") = "DTO", "DTO\DTO.csproj", "{0E19AA7D-555C-4963-BEEC-3093ED343600}"
EndProject
Project("{FAE04EC0-301F-11D3-BF4B-00C04F79EFBC}") = "DAL", "DAL\DAL.csproj", "{F6470BB0-0C45-4E15-A041-12CB7FA84DCC}"
EndProject
Project("{FAE04EC0-301F-11D3-BF4B-00C04F79EFBC}") = "BUL", "BUL\BUL.csproj", "{AB5C2F61-B82C-483D-9499-675768063DEB}"
EndProject
Project("{FAE04EC0-301F-11D3-BF4B-00C04F79EFBC}") = "DaoThiHang_KHMT4_k10", "DaoThiHang_KHMT4_k10\DaoThiHang_KHMT4_k10.csproj", "{427D5037-7965-4E09-AF8E-E6BBEF295FE8}"
EndProject
Global
	GlobalSection(SolutionConfigurationPlatforms) = preSolution
		Debug|Any CPU = Debug|Any CPU
		Release|Any CPU = Release|Any CPU
	EndGlobalSection
	GlobalSection(ProjectConfigurationPlatforms) = postSolution
		{FD60367F-93D1-48CA-98A0-9A98D6A872CE}.Debug|Any CPU.ActiveCfg = Debug|Any CPU
		{FD60367F-93D1-48CA-98A0-9A98D6A872CE}.Debug|Any CPU.Build.0 = Debug|Any CPU
		{FD60367F-93D1-48CA-98A0-9A98D6A872CE}.Release|Any CPU.ActiveCfg = Release|Any CPU
		{FD60367F-93D1-48CA-98A0-9A98D6A872CE}.Release|Any CPU.Build.0 = Release|Any CPU
		{0E19AA7D-555C-4963-BEEC-3093ED343600}.Debug|Any CPU.ActiveCfg = Debug|Any CPU
		{0E19AA7D-555C-4963-BEEC-3093ED343600}.Debug|Any CPU.Build.0 = Debug|Any CPU
		{0E19AA7D-555C-4963-BEEC-3093ED343600}.Release|Any CPU.ActiveCfg = Release|Any CPU
		{0E19AA7D-555C-4963-BEEC-3093ED343600}.Release|Any CPU.Build.0 = Release|Any CPU
		{F6470BB0-0C45-4E15-A041-12CB7FA84DCC}.Debug|Any CPU.ActiveCfg = Debug|Any CPU
		{F6470BB0-0C45-4E15-A041-12CB7FA84DCC}.Debug|Any CPU.Build.0 = Debug|Any CPU
		{F6470BB0-0C45-4E15-A041-12CB7FA84DCC}.Release|Any CPU.ActiveCfg = Release|Any CPU
		{F6470BB0-0C45-4E15-A041-12CB7FA84DCC}.Release|Any CPU.Build.0 = Release|Any CPU
		{AB5C2F61-B82C-483D-9499-675768063DEB}.Debug|Any CPU.ActiveCfg = Debug|Any CPU
		{AB5C2F61-B82C-483D-9499-675768063DEB}.Debug|Any CPU.Build.0 = Debug|Any CPU
		{AB5C2F61-B82C-483D-9499-675768063DEB}.Release|Any CPU.ActiveCfg = Release|Any CPU
		{AB5C2F61-B82C-483D-9499-675768063DEB}.Release|Any CPU.Build.0 = Release|Any CPU
		{427D5037-7965-4E09-AF8E-E6BBEF295FE8}.Debug|Any CPU.ActiveCfg = Debug|Any CPU
		{427D5037-7965-4E09-AF8E-E6BBEF295FE8}.Debug|Any CPU.Build.0 = Debug|Any CPU
		{427D5037-7965-4E09-AF8E-E6BBEF295FE8}.Release|Any CPU.ActiveCfg = Release|Any CPU
		{427D5037-7965-4E09-AF8E-E6BBEF295FE8}.Release|Any CPU.Build.0 = Release|Any CPU
	EndGlobalSection
	GlobalSection(SolutionProperties) = preSolution
		HideSolutionNode = FALSE
	EndGlobalSection
EndGlobal
